// !$*UTF8*$!
{
	archiveVersion = 1;
	classes = {
	};
	objectVersion = 56;
	objects = {

/* Begin PBXBuildFile section */
		7C2BC90C2A280C7E0049A78E /* FavoriteButton.swift in Sources */ = {isa = PBXBuildFile; fileRef = 7C2BC90B2A280C7E0049A78E /* FavoriteButton.swift */; };
		7C2BC9102A2B716A0049A78E /* HexagonParameters.swift in Sources */ = {isa = PBXBuildFile; fileRef = 7C2BC90F2A2B716A0049A78E /* HexagonParameters.swift */; };
		7C2BC9122A2B72710049A78E /* BadgeBackground.swift in Sources */ = {isa = PBXBuildFile; fileRef = 7C2BC9112A2B72710049A78E /* BadgeBackground.swift */; };
		7C2BC9142A2B77290049A78E /* BadgeSymbol.swift in Sources */ = {isa = PBXBuildFile; fileRef = 7C2BC9132A2B77290049A78E /* BadgeSymbol.swift */; };
		7C2BC9162A2B780B0049A78E /* RotatedBadgeSymbol.swift in Sources */ = {isa = PBXBuildFile; fileRef = 7C2BC9152A2B780B0049A78E /* RotatedBadgeSymbol.swift */; };
		7C2BC9182A2B78E40049A78E /* Badge.swift in Sources */ = {isa = PBXBuildFile; fileRef = 7C2BC9172A2B78E40049A78E /* Badge.swift */; };
		7C2BC91B2A2C9AE30049A78E /* hikeData.json in Resources */ = {isa = PBXBuildFile; fileRef = 7C2BC91A2A2C9AE30049A78E /* hikeData.json */; };
		7C2BC91D2A2C9B060049A78E /* Hike.swift in Sources */ = {isa = PBXBuildFile; fileRef = 7C2BC91C2A2C9B060049A78E /* Hike.swift */; };
		7C2BC9232A2C9BA80049A78E /* GraphCapsule.swift in Sources */ = {isa = PBXBuildFile; fileRef = 7C2BC91F2A2C9BA80049A78E /* GraphCapsule.swift */; };
		7C2BC9242A2C9BA80049A78E /* HikeGraph.swift in Sources */ = {isa = PBXBuildFile; fileRef = 7C2BC9202A2C9BA80049A78E /* HikeGraph.swift */; };
		7C2BC9252A2C9BA80049A78E /* HikeDetail.swift in Sources */ = {isa = PBXBuildFile; fileRef = 7C2BC9212A2C9BA80049A78E /* HikeDetail.swift */; };
		7C2BC9262A2C9BA80049A78E /* HikeView.swift in Sources */ = {isa = PBXBuildFile; fileRef = 7C2BC9222A2C9BA80049A78E /* HikeView.swift */; };
		7C2BC9292A2CA6440049A78E /* CategoryHome.swift in Sources */ = {isa = PBXBuildFile; fileRef = 7C2BC9282A2CA6440049A78E /* CategoryHome.swift */; };
		7C2BC92B2A2CA7FE0049A78E /* CategoryRow.swift in Sources */ = {isa = PBXBuildFile; fileRef = 7C2BC92A2A2CA7FE0049A78E /* CategoryRow.swift */; };
		7C2BC92D2A2CAA270049A78E /* CategoryItem.swift in Sources */ = {isa = PBXBuildFile; fileRef = 7C2BC92C2A2CAA270049A78E /* CategoryItem.swift */; };
		7C2BC92F2A2CAF1B0049A78E /* Profile.swift in Sources */ = {isa = PBXBuildFile; fileRef = 7C2BC92E2A2CAF1B0049A78E /* Profile.swift */; };
		7C2BC9322A2CAFC10049A78E /* ProfileHost.swift in Sources */ = {isa = PBXBuildFile; fileRef = 7C2BC9312A2CAFC10049A78E /* ProfileHost.swift */; };
		7C2BC9342A2CB0470049A78E /* ProfileSummary.swift in Sources */ = {isa = PBXBuildFile; fileRef = 7C2BC9332A2CB0470049A78E /* ProfileSummary.swift */; };
		7C2BC9362A2CB18E0049A78E /* HikeBadge.swift in Sources */ = {isa = PBXBuildFile; fileRef = 7C2BC9352A2CB18E0049A78E /* HikeBadge.swift */; };
		7C5950362A3DBAFD0048BEAF /* ProfileEditor.swift in Sources */ = {isa = PBXBuildFile; fileRef = 7C5950352A3DBAFD0048BEAF /* ProfileEditor.swift */; };
		7C5950392A3DD06F0048BEAF /* PageViewController.swift in Sources */ = {isa = PBXBuildFile; fileRef = 7C5950382A3DD06F0048BEAF /* PageViewController.swift */; };
		7C59503B2A3DD27F0048BEAF /* FeatureCard.swift in Sources */ = {isa = PBXBuildFile; fileRef = 7C59503A2A3DD27F0048BEAF /* FeatureCard.swift */; };
		7C59503D2A3DD4A40048BEAF /* PageView.swift in Sources */ = {isa = PBXBuildFile; fileRef = 7C59503C2A3DD4A40048BEAF /* PageView.swift */; };
		7C59503F2A3E25890048BEAF /* PageControl.swift in Sources */ = {isa = PBXBuildFile; fileRef = 7C59503E2A3E25890048BEAF /* PageControl.swift */; };
		7C8591C52A2164400014B699 /* landmarksApp.swift in Sources */ = {isa = PBXBuildFile; fileRef = 7C8591C42A2164400014B699 /* landmarksApp.swift */; };
		7C8591C72A2164400014B699 /* ContentView.swift in Sources */ = {isa = PBXBuildFile; fileRef = 7C8591C62A2164400014B699 /* ContentView.swift */; };
		7C8591C92A2164410014B699 /* Assets.xcassets in Resources */ = {isa = PBXBuildFile; fileRef = 7C8591C82A2164410014B699 /* Assets.xcassets */; };
		7C8591CC2A2164410014B699 /* Preview Assets.xcassets in Resources */ = {isa = PBXBuildFile; fileRef = 7C8591CB2A2164410014B699 /* Preview Assets.xcassets */; };
		7C8591D62A2164410014B699 /* landmarksTests.swift in Sources */ = {isa = PBXBuildFile; fileRef = 7C8591D52A2164410014B699 /* landmarksTests.swift */; };
		7C8591E02A2164410014B699 /* landmarksUITests.swift in Sources */ = {isa = PBXBuildFile; fileRef = 7C8591DF2A2164410014B699 /* landmarksUITests.swift */; };
		7C8591E22A2164410014B699 /* landmarksUITestsLaunchTests.swift in Sources */ = {isa = PBXBuildFile; fileRef = 7C8591E12A2164410014B699 /* landmarksUITestsLaunchTests.swift */; };
		7C8591EF2A2169050014B699 /* CircleImage.swift in Sources */ = {isa = PBXBuildFile; fileRef = 7C8591EE2A2169050014B699 /* CircleImage.swift */; };
		7C8591F12A216B1D0014B699 /* MapView.swift in Sources */ = {isa = PBXBuildFile; fileRef = 7C8591F02A216B1D0014B699 /* MapView.swift */; };
		7C8591F32A2221290014B699 /* landmarkData.json in Resources */ = {isa = PBXBuildFile; fileRef = 7C8591F22A2221290014B699 /* landmarkData.json */; };
		7C8591F52A2221360014B699 /* Landmark.swift in Sources */ = {isa = PBXBuildFile; fileRef = 7C8591F42A2221360014B699 /* Landmark.swift */; };
		7C8591F72A2224460014B699 /* ModelData.swift in Sources */ = {isa = PBXBuildFile; fileRef = 7C8591F62A2224460014B699 /* ModelData.swift */; };
		7C8591FC2A2226360014B699 /* LandmarkRow.swift in Sources */ = {isa = PBXBuildFile; fileRef = 7C8591FB2A2226360014B699 /* LandmarkRow.swift */; };
		7C8591FE2A2229FA0014B699 /* LandmarkList.swift in Sources */ = {isa = PBXBuildFile; fileRef = 7C8591FD2A2229FA0014B699 /* LandmarkList.swift */; };
		7C8592002A222BB10014B699 /* LandmarkDetail.swift in Sources */ = {isa = PBXBuildFile; fileRef = 7C8591FF2A222BB10014B699 /* LandmarkDetail.swift */; };
		7CC527AC2A3E531800AB6F47 /* ContentView.swift in Sources */ = {isa = PBXBuildFile; fileRef = 7CC527AB2A3E531800AB6F47 /* ContentView.swift */; };
		7CC527AE2A3E531800AB6F47 /* Assets.xcassets in Resources */ = {isa = PBXBuildFile; fileRef = 7CC527AD2A3E531800AB6F47 /* Assets.xcassets */; };
		7CC527B12A3E531800AB6F47 /* Preview Assets.xcassets in Resources */ = {isa = PBXBuildFile; fileRef = 7CC527B02A3E531800AB6F47 /* Preview Assets.xcassets */; };
		7CC527B52A3E552F00AB6F47 /* MapView.swift in Sources */ = {isa = PBXBuildFile; fileRef = 7C8591F02A216B1D0014B699 /* MapView.swift */; };
		7CC527B62A3E552F00AB6F47 /* LandmarkRow.swift in Sources */ = {isa = PBXBuildFile; fileRef = 7C8591FB2A2226360014B699 /* LandmarkRow.swift */; };
		7CC527B72A3E552F00AB6F47 /* Landmark.swift in Sources */ = {isa = PBXBuildFile; fileRef = 7C8591F42A2221360014B699 /* Landmark.swift */; };
		7CC527B82A3E552F00AB6F47 /* ModelData.swift in Sources */ = {isa = PBXBuildFile; fileRef = 7C8591F62A2224460014B699 /* ModelData.swift */; };
		7CC527B92A3E552F00AB6F47 /* Hike.swift in Sources */ = {isa = PBXBuildFile; fileRef = 7C2BC91C2A2C9B060049A78E /* Hike.swift */; };
		7CC527BA2A3E552F00AB6F47 /* landmarkData.json in Resources */ = {isa = PBXBuildFile; fileRef = 7C8591F22A2221290014B699 /* landmarkData.json */; };
		7CC527BB2A3E552F00AB6F47 /* Profile.swift in Sources */ = {isa = PBXBuildFile; fileRef = 7C2BC92E2A2CAF1B0049A78E /* Profile.swift */; };
		7CC527BC2A3E552F00AB6F47 /* hikeData.json in Resources */ = {isa = PBXBuildFile; fileRef = 7C2BC91A2A2C9AE30049A78E /* hikeData.json */; };
		7CC527BD2A3E552F00AB6F47 /* CircleImage.swift in Sources */ = {isa = PBXBuildFile; fileRef = 7C8591EE2A2169050014B699 /* CircleImage.swift */; };
		7CC527BE2A3E552F00AB6F47 /* Assets.xcassets in Resources */ = {isa = PBXBuildFile; fileRef = 7C8591C82A2164410014B699 /* Assets.xcassets */; };
		7CC527BF2A3E552F00AB6F47 /* landmarksApp.swift in Sources */ = {isa = PBXBuildFile; fileRef = 7C8591C42A2164400014B699 /* landmarksApp.swift */; };
		7CC527C02A3E552F00AB6F47 /* LandmarkList.swift in Sources */ = {isa = PBXBuildFile; fileRef = 7C8591FD2A2229FA0014B699 /* LandmarkList.swift */; };
		7CC527C22A3E562E00AB6F47 /* LandmarkDetail.swift in Sources */ = {isa = PBXBuildFile; fileRef = 7CC527C12A3E562E00AB6F47 /* LandmarkDetail.swift */; };
		7CC527C42A3E5C6200AB6F47 /* NotificationView.swift in Sources */ = {isa = PBXBuildFile; fileRef = 7CC527C32A3E5C6200AB6F47 /* NotificationView.swift */; };
		7CC527C62A3E5DCC00AB6F47 /* NotificationController.swift in Sources */ = {isa = PBXBuildFile; fileRef = 7CC527C52A3E5DCC00AB6F47 /* NotificationController.swift */; };
/* End PBXBuildFile section */

/* Begin PBXContainerItemProxy section */
		7C8591D22A2164410014B699 /* PBXContainerItemProxy */ = {
			isa = PBXContainerItemProxy;
			containerPortal = 7C8591B92A2164400014B699 /* Project object */;
			proxyType = 1;
			remoteGlobalIDString = 7C8591C02A2164400014B699;
			remoteInfo = landmarks;
		};
		7C8591DC2A2164410014B699 /* PBXContainerItemProxy */ = {
			isa = PBXContainerItemProxy;
			containerPortal = 7C8591B92A2164400014B699 /* Project object */;
			proxyType = 1;
			remoteGlobalIDString = 7C8591C02A2164400014B699;
			remoteInfo = landmarks;
		};
/* End PBXContainerItemProxy section */

/* Begin PBXFileReference section */
		7C2BC90B2A280C7E0049A78E /* FavoriteButton.swift */ = {isa = PBXFileReference; lastKnownFileType = sourcecode.swift; path = FavoriteButton.swift; sourceTree = "<group>"; };
		7C2BC90F2A2B716A0049A78E /* HexagonParameters.swift */ = {isa = PBXFileReference; lastKnownFileType = sourcecode.swift; path = HexagonParameters.swift; sourceTree = "<group>"; };
		7C2BC9112A2B72710049A78E /* BadgeBackground.swift */ = {isa = PBXFileReference; lastKnownFileType = sourcecode.swift; path = BadgeBackground.swift; sourceTree = "<group>"; };
		7C2BC9132A2B77290049A78E /* BadgeSymbol.swift */ = {isa = PBXFileReference; lastKnownFileType = sourcecode.swift; path = BadgeSymbol.swift; sourceTree = "<group>"; };
		7C2BC9152A2B780B0049A78E /* RotatedBadgeSymbol.swift */ = {isa = PBXFileReference; lastKnownFileType = sourcecode.swift; path = RotatedBadgeSymbol.swift; sourceTree = "<group>"; };
		7C2BC9172A2B78E40049A78E /* Badge.swift */ = {isa = PBXFileReference; lastKnownFileType = sourcecode.swift; path = Badge.swift; sourceTree = "<group>"; };
		7C2BC91A2A2C9AE30049A78E /* hikeData.json */ = {isa = PBXFileReference; fileEncoding = 4; lastKnownFileType = text.json; path = hikeData.json; sourceTree = "<group>"; };
		7C2BC91C2A2C9B060049A78E /* Hike.swift */ = {isa = PBXFileReference; lastKnownFileType = sourcecode.swift; path = Hike.swift; sourceTree = "<group>"; };
		7C2BC91F2A2C9BA80049A78E /* GraphCapsule.swift */ = {isa = PBXFileReference; fileEncoding = 4; lastKnownFileType = sourcecode.swift; path = GraphCapsule.swift; sourceTree = "<group>"; };
		7C2BC9202A2C9BA80049A78E /* HikeGraph.swift */ = {isa = PBXFileReference; fileEncoding = 4; lastKnownFileType = sourcecode.swift; path = HikeGraph.swift; sourceTree = "<group>"; };
		7C2BC9212A2C9BA80049A78E /* HikeDetail.swift */ = {isa = PBXFileReference; fileEncoding = 4; lastKnownFileType = sourcecode.swift; path = HikeDetail.swift; sourceTree = "<group>"; };
		7C2BC9222A2C9BA80049A78E /* HikeView.swift */ = {isa = PBXFileReference; fileEncoding = 4; lastKnownFileType = sourcecode.swift; path = HikeView.swift; sourceTree = "<group>"; };
		7C2BC9282A2CA6440049A78E /* CategoryHome.swift */ = {isa = PBXFileReference; lastKnownFileType = sourcecode.swift; path = CategoryHome.swift; sourceTree = "<group>"; };
		7C2BC92A2A2CA7FE0049A78E /* CategoryRow.swift */ = {isa = PBXFileReference; lastKnownFileType = sourcecode.swift; path = CategoryRow.swift; sourceTree = "<group>"; };
		7C2BC92C2A2CAA270049A78E /* CategoryItem.swift */ = {isa = PBXFileReference; lastKnownFileType = sourcecode.swift; path = CategoryItem.swift; sourceTree = "<group>"; };
		7C2BC92E2A2CAF1B0049A78E /* Profile.swift */ = {isa = PBXFileReference; lastKnownFileType = sourcecode.swift; path = Profile.swift; sourceTree = "<group>"; };
		7C2BC9312A2CAFC10049A78E /* ProfileHost.swift */ = {isa = PBXFileReference; lastKnownFileType = sourcecode.swift; path = ProfileHost.swift; sourceTree = "<group>"; };
		7C2BC9332A2CB0470049A78E /* ProfileSummary.swift */ = {isa = PBXFileReference; lastKnownFileType = sourcecode.swift; path = ProfileSummary.swift; sourceTree = "<group>"; };
		7C2BC9352A2CB18E0049A78E /* HikeBadge.swift */ = {isa = PBXFileReference; lastKnownFileType = sourcecode.swift; path = HikeBadge.swift; sourceTree = "<group>"; };
		7C5950352A3DBAFD0048BEAF /* ProfileEditor.swift */ = {isa = PBXFileReference; lastKnownFileType = sourcecode.swift; path = ProfileEditor.swift; sourceTree = "<group>"; };
		7C5950382A3DD06F0048BEAF /* PageViewController.swift */ = {isa = PBXFileReference; lastKnownFileType = sourcecode.swift; path = PageViewController.swift; sourceTree = "<group>"; };
		7C59503A2A3DD27F0048BEAF /* FeatureCard.swift */ = {isa = PBXFileReference; lastKnownFileType = sourcecode.swift; path = FeatureCard.swift; sourceTree = "<group>"; };
		7C59503C2A3DD4A40048BEAF /* PageView.swift */ = {isa = PBXFileReference; lastKnownFileType = sourcecode.swift; path = PageView.swift; sourceTree = "<group>"; };
		7C59503E2A3E25890048BEAF /* PageControl.swift */ = {isa = PBXFileReference; lastKnownFileType = sourcecode.swift; path = PageControl.swift; sourceTree = "<group>"; };
		7C8591C12A2164400014B699 /* landmarks.app */ = {isa = PBXFileReference; explicitFileType = wrapper.application; includeInIndex = 0; path = landmarks.app; sourceTree = BUILT_PRODUCTS_DIR; };
		7C8591C42A2164400014B699 /* landmarksApp.swift */ = {isa = PBXFileReference; lastKnownFileType = sourcecode.swift; path = landmarksApp.swift; sourceTree = "<group>"; };
		7C8591C62A2164400014B699 /* ContentView.swift */ = {isa = PBXFileReference; lastKnownFileType = sourcecode.swift; path = ContentView.swift; sourceTree = "<group>"; };
		7C8591C82A2164410014B699 /* Assets.xcassets */ = {isa = PBXFileReference; lastKnownFileType = folder.assetcatalog; path = Assets.xcassets; sourceTree = "<group>"; };
		7C8591CB2A2164410014B699 /* Preview Assets.xcassets */ = {isa = PBXFileReference; lastKnownFileType = folder.assetcatalog; path = "Preview Assets.xcassets"; sourceTree = "<group>"; };
		7C8591D12A2164410014B699 /* landmarksTests.xctest */ = {isa = PBXFileReference; explicitFileType = wrapper.cfbundle; includeInIndex = 0; path = landmarksTests.xctest; sourceTree = BUILT_PRODUCTS_DIR; };
		7C8591D52A2164410014B699 /* landmarksTests.swift */ = {isa = PBXFileReference; lastKnownFileType = sourcecode.swift; path = landmarksTests.swift; sourceTree = "<group>"; };
		7C8591DB2A2164410014B699 /* landmarksUITests.xctest */ = {isa = PBXFileReference; explicitFileType = wrapper.cfbundle; includeInIndex = 0; path = landmarksUITests.xctest; sourceTree = BUILT_PRODUCTS_DIR; };
		7C8591DF2A2164410014B699 /* landmarksUITests.swift */ = {isa = PBXFileReference; lastKnownFileType = sourcecode.swift; path = landmarksUITests.swift; sourceTree = "<group>"; };
		7C8591E12A2164410014B699 /* landmarksUITestsLaunchTests.swift */ = {isa = PBXFileReference; lastKnownFileType = sourcecode.swift; path = landmarksUITestsLaunchTests.swift; sourceTree = "<group>"; };
		7C8591EE2A2169050014B699 /* CircleImage.swift */ = {isa = PBXFileReference; lastKnownFileType = sourcecode.swift; path = CircleImage.swift; sourceTree = "<group>"; };
		7C8591F02A216B1D0014B699 /* MapView.swift */ = {isa = PBXFileReference; lastKnownFileType = sourcecode.swift; path = MapView.swift; sourceTree = "<group>"; };
		7C8591F22A2221290014B699 /* landmarkData.json */ = {isa = PBXFileReference; fileEncoding = 4; lastKnownFileType = text.json; path = landmarkData.json; sourceTree = "<group>"; };
		7C8591F42A2221360014B699 /* Landmark.swift */ = {isa = PBXFileReference; lastKnownFileType = sourcecode.swift; path = Landmark.swift; sourceTree = "<group>"; };
		7C8591F62A2224460014B699 /* ModelData.swift */ = {isa = PBXFileReference; lastKnownFileType = sourcecode.swift; path = ModelData.swift; sourceTree = "<group>"; };
		7C8591FB2A2226360014B699 /* LandmarkRow.swift */ = {isa = PBXFileReference; lastKnownFileType = sourcecode.swift; path = LandmarkRow.swift; sourceTree = "<group>"; };
		7C8591FD2A2229FA0014B699 /* LandmarkList.swift */ = {isa = PBXFileReference; lastKnownFileType = sourcecode.swift; path = LandmarkList.swift; sourceTree = "<group>"; };
		7C8591FF2A222BB10014B699 /* LandmarkDetail.swift */ = {isa = PBXFileReference; lastKnownFileType = sourcecode.swift; path = LandmarkDetail.swift; sourceTree = "<group>"; };
		7CC527A72A3E531800AB6F47 /* landmarks-watch Watch App.app */ = {isa = PBXFileReference; explicitFileType = wrapper.application; includeInIndex = 0; path = "landmarks-watch Watch App.app"; sourceTree = BUILT_PRODUCTS_DIR; };
		7CC527AB2A3E531800AB6F47 /* ContentView.swift */ = {isa = PBXFileReference; lastKnownFileType = sourcecode.swift; path = ContentView.swift; sourceTree = "<group>"; };
		7CC527AD2A3E531800AB6F47 /* Assets.xcassets */ = {isa = PBXFileReference; lastKnownFileType = folder.assetcatalog; path = Assets.xcassets; sourceTree = "<group>"; };
		7CC527B02A3E531800AB6F47 /* Preview Assets.xcassets */ = {isa = PBXFileReference; lastKnownFileType = folder.assetcatalog; path = "Preview Assets.xcassets"; sourceTree = "<group>"; };
		7CC527C12A3E562E00AB6F47 /* LandmarkDetail.swift */ = {isa = PBXFileReference; lastKnownFileType = sourcecode.swift; path = LandmarkDetail.swift; sourceTree = "<group>"; };
		7CC527C32A3E5C6200AB6F47 /* NotificationView.swift */ = {isa = PBXFileReference; lastKnownFileType = sourcecode.swift; path = NotificationView.swift; sourceTree = "<group>"; };
		7CC527C52A3E5DCC00AB6F47 /* NotificationController.swift */ = {isa = PBXFileReference; lastKnownFileType = sourcecode.swift; path = NotificationController.swift; sourceTree = "<group>"; };
/* End PBXFileReference section */

/* Begin PBXFrameworksBuildPhase section */
		7C8591BE2A2164400014B699 /* Frameworks */ = {
			isa = PBXFrameworksBuildPhase;
			buildActionMask = 2147483647;
			files = (
			);
			runOnlyForDeploymentPostprocessing = 0;
		};
		7C8591CE2A2164410014B699 /* Frameworks */ = {
			isa = PBXFrameworksBuildPhase;
			buildActionMask = 2147483647;
			files = (
			);
			runOnlyForDeploymentPostprocessing = 0;
		};
		7C8591D82A2164410014B699 /* Frameworks */ = {
			isa = PBXFrameworksBuildPhase;
			buildActionMask = 2147483647;
			files = (
			);
			runOnlyForDeploymentPostprocessing = 0;
		};
		7CC527A42A3E531800AB6F47 /* Frameworks */ = {
			isa = PBXFrameworksBuildPhase;
			buildActionMask = 2147483647;
			files = (
			);
			runOnlyForDeploymentPostprocessing = 0;
		};
/* End PBXFrameworksBuildPhase section */

/* Begin PBXGroup section */
		7C2BC90D2A280D2C0049A78E /* Helpers */ = {
			isa = PBXGroup;
			children = (
				7C8591EE2A2169050014B699 /* CircleImage.swift */,
				7C8591F02A216B1D0014B699 /* MapView.swift */,
				7C2BC90B2A280C7E0049A78E /* FavoriteButton.swift */,
			);
			path = Helpers;
			sourceTree = "<group>";
		};
		7C2BC90E2A280D4E0049A78E /* Landmarks */ = {
			isa = PBXGroup;
			children = (
				7C8591FD2A2229FA0014B699 /* LandmarkList.swift */,
				7C8591FB2A2226360014B699 /* LandmarkRow.swift */,
				7C8591FF2A222BB10014B699 /* LandmarkDetail.swift */,
			);
			path = Landmarks;
			sourceTree = "<group>";
		};
		7C2BC9192A2B7BEA0049A78E /* Badge */ = {
			isa = PBXGroup;
			children = (
				7C2BC9172A2B78E40049A78E /* Badge.swift */,
				7C2BC9112A2B72710049A78E /* BadgeBackground.swift */,
				7C2BC9132A2B77290049A78E /* BadgeSymbol.swift */,
				7C2BC9152A2B780B0049A78E /* RotatedBadgeSymbol.swift */,
				7C2BC90F2A2B716A0049A78E /* HexagonParameters.swift */,
			);
			path = Badge;
			sourceTree = "<group>";
		};
		7C2BC91E2A2C9BA80049A78E /* Hikes */ = {
			isa = PBXGroup;
			children = (
				7C2BC91F2A2C9BA80049A78E /* GraphCapsule.swift */,
				7C2BC9202A2C9BA80049A78E /* HikeGraph.swift */,
				7C2BC9212A2C9BA80049A78E /* HikeDetail.swift */,
				7C2BC9222A2C9BA80049A78E /* HikeView.swift */,
				7C2BC9352A2CB18E0049A78E /* HikeBadge.swift */,
			);
			path = Hikes;
			sourceTree = "<group>";
		};
		7C2BC9272A2CA5EE0049A78E /* Categories */ = {
			isa = PBXGroup;
			children = (
				7C2BC9282A2CA6440049A78E /* CategoryHome.swift */,
				7C2BC92A2A2CA7FE0049A78E /* CategoryRow.swift */,
				7C2BC92C2A2CAA270049A78E /* CategoryItem.swift */,
			);
			path = Categories;
			sourceTree = "<group>";
		};
		7C2BC9302A2CAFAD0049A78E /* Profiles */ = {
			isa = PBXGroup;
			children = (
				7C2BC9312A2CAFC10049A78E /* ProfileHost.swift */,
				7C2BC9332A2CB0470049A78E /* ProfileSummary.swift */,
				7C5950352A3DBAFD0048BEAF /* ProfileEditor.swift */,
			);
			path = Profiles;
			sourceTree = "<group>";
		};
		7C5950372A3DD04A0048BEAF /* PageView */ = {
			isa = PBXGroup;
			children = (
				7C59503A2A3DD27F0048BEAF /* FeatureCard.swift */,
				7C59503C2A3DD4A40048BEAF /* PageView.swift */,
				7C59503E2A3E25890048BEAF /* PageControl.swift */,
				7C5950382A3DD06F0048BEAF /* PageViewController.swift */,
			);
			path = PageView;
			sourceTree = "<group>";
		};
		7C8591B82A2164400014B699 = {
			isa = PBXGroup;
			children = (
				7C8591C32A2164400014B699 /* landmarks */,
				7CC527A82A3E531800AB6F47 /* landmarks-watch Watch App */,
				7C8591D42A2164410014B699 /* landmarksTests */,
				7C8591DE2A2164410014B699 /* landmarksUITests */,
				7C8591C22A2164400014B699 /* Products */,
			);
			sourceTree = "<group>";
		};
		7C8591C22A2164400014B699 /* Products */ = {
			isa = PBXGroup;
			children = (
				7C8591C12A2164400014B699 /* landmarks.app */,
				7C8591D12A2164410014B699 /* landmarksTests.xctest */,
				7C8591DB2A2164410014B699 /* landmarksUITests.xctest */,
				7CC527A72A3E531800AB6F47 /* landmarks-watch Watch App.app */,
			);
			name = Products;
			sourceTree = "<group>";
		};
		7C8591C32A2164400014B699 /* landmarks */ = {
			isa = PBXGroup;
			children = (
				7C8591C42A2164400014B699 /* landmarksApp.swift */,
				7C8591F82A2225870014B699 /* Views */,
				7C8591F92A22258E0014B699 /* Model */,
				7C8591FA2A2225920014B699 /* Resources */,
				7C8591C82A2164410014B699 /* Assets.xcassets */,
				7C8591CA2A2164410014B699 /* Preview Content */,
			);
			path = landmarks;
			sourceTree = "<group>";
		};
		7C8591CA2A2164410014B699 /* Preview Content */ = {
			isa = PBXGroup;
			children = (
				7C8591CB2A2164410014B699 /* Preview Assets.xcassets */,
			);
			path = "Preview Content";
			sourceTree = "<group>";
		};
		7C8591D42A2164410014B699 /* landmarksTests */ = {
			isa = PBXGroup;
			children = (
				7C8591D52A2164410014B699 /* landmarksTests.swift */,
			);
			path = landmarksTests;
			sourceTree = "<group>";
		};
		7C8591DE2A2164410014B699 /* landmarksUITests */ = {
			isa = PBXGroup;
			children = (
				7C8591DF2A2164410014B699 /* landmarksUITests.swift */,
				7C8591E12A2164410014B699 /* landmarksUITestsLaunchTests.swift */,
			);
			path = landmarksUITests;
			sourceTree = "<group>";
		};
		7C8591F82A2225870014B699 /* Views */ = {
			isa = PBXGroup;
			children = (
				7C8591C62A2164400014B699 /* ContentView.swift */,
				7C2BC9192A2B7BEA0049A78E /* Badge */,
				7C2BC9272A2CA5EE0049A78E /* Categories */,
				7C2BC90D2A280D2C0049A78E /* Helpers */,
				7C2BC91E2A2C9BA80049A78E /* Hikes */,
				7C2BC90E2A280D4E0049A78E /* Landmarks */,
				7C5950372A3DD04A0048BEAF /* PageView */,
				7C2BC9302A2CAFAD0049A78E /* Profiles */,
			);
			path = Views;
			sourceTree = "<group>";
		};
		7C8591F92A22258E0014B699 /* Model */ = {
			isa = PBXGroup;
			children = (
				7C8591F42A2221360014B699 /* Landmark.swift */,
				7C8591F62A2224460014B699 /* ModelData.swift */,
				7C2BC91C2A2C9B060049A78E /* Hike.swift */,
				7C2BC92E2A2CAF1B0049A78E /* Profile.swift */,
			);
			path = Model;
			sourceTree = "<group>";
		};
		7C8591FA2A2225920014B699 /* Resources */ = {
			isa = PBXGroup;
			children = (
				7C2BC91A2A2C9AE30049A78E /* hikeData.json */,
				7C8591F22A2221290014B699 /* landmarkData.json */,
			);
			path = Resources;
			sourceTree = "<group>";
		};
		7CC527A82A3E531800AB6F47 /* landmarks-watch Watch App */ = {
			isa = PBXGroup;
			children = (
				7CC527AB2A3E531800AB6F47 /* ContentView.swift */,
				7CC527C12A3E562E00AB6F47 /* LandmarkDetail.swift */,
				7CC527C32A3E5C6200AB6F47 /* NotificationView.swift */,
				7CC527C52A3E5DCC00AB6F47 /* NotificationController.swift */,
				7CC527AD2A3E531800AB6F47 /* Assets.xcassets */,
				7CC527AF2A3E531800AB6F47 /* Preview Content */,
			);
			path = "landmarks-watch Watch App";
			sourceTree = "<group>";
		};
		7CC527AF2A3E531800AB6F47 /* Preview Content */ = {
			isa = PBXGroup;
			children = (
				7CC527B02A3E531800AB6F47 /* Preview Assets.xcassets */,
			);
			path = "Preview Content";
			sourceTree = "<group>";
		};
/* End PBXGroup section */

/* Begin PBXNativeTarget section */
		7C8591C02A2164400014B699 /* landmarks */ = {
			isa = PBXNativeTarget;
			buildConfigurationList = 7C8591E52A2164410014B699 /* Build configuration list for PBXNativeTarget "landmarks" */;
			buildPhases = (
				7C8591BD2A2164400014B699 /* Sources */,
				7C8591BE2A2164400014B699 /* Frameworks */,
				7C8591BF2A2164400014B699 /* Resources */,
			);
			buildRules = (
			);
			dependencies = (
			);
			name = landmarks;
			productName = landmarks;
			productReference = 7C8591C12A2164400014B699 /* landmarks.app */;
			productType = "com.apple.product-type.application";
		};
		7C8591D02A2164410014B699 /* landmarksTests */ = {
			isa = PBXNativeTarget;
			buildConfigurationList = 7C8591E82A2164410014B699 /* Build configuration list for PBXNativeTarget "landmarksTests" */;
			buildPhases = (
				7C8591CD2A2164410014B699 /* Sources */,
				7C8591CE2A2164410014B699 /* Frameworks */,
				7C8591CF2A2164410014B699 /* Resources */,
			);
			buildRules = (
			);
			dependencies = (
				7C8591D32A2164410014B699 /* PBXTargetDependency */,
			);
			name = landmarksTests;
			productName = landmarksTests;
			productReference = 7C8591D12A2164410014B699 /* landmarksTests.xctest */;
			productType = "com.apple.product-type.bundle.unit-test";
		};
		7C8591DA2A2164410014B699 /* landmarksUITests */ = {
			isa = PBXNativeTarget;
			buildConfigurationList = 7C8591EB2A2164410014B699 /* Build configuration list for PBXNativeTarget "landmarksUITests" */;
			buildPhases = (
				7C8591D72A2164410014B699 /* Sources */,
				7C8591D82A2164410014B699 /* Frameworks */,
				7C8591D92A2164410014B699 /* Resources */,
			);
			buildRules = (
			);
			dependencies = (
				7C8591DD2A2164410014B699 /* PBXTargetDependency */,
			);
			name = landmarksUITests;
			productName = landmarksUITests;
			productReference = 7C8591DB2A2164410014B699 /* landmarksUITests.xctest */;
			productType = "com.apple.product-type.bundle.ui-testing";
		};
		7CC527A62A3E531800AB6F47 /* landmarks-watch Watch App */ = {
			isa = PBXNativeTarget;
			buildConfigurationList = 7CC527B42A3E531800AB6F47 /* Build configuration list for PBXNativeTarget "landmarks-watch Watch App" */;
			buildPhases = (
				7CC527A32A3E531800AB6F47 /* Sources */,
				7CC527A42A3E531800AB6F47 /* Frameworks */,
				7CC527A52A3E531800AB6F47 /* Resources */,
			);
			buildRules = (
			);
			dependencies = (
			);
			name = "landmarks-watch Watch App";
			productName = "landmarks-watch Watch App";
			productReference = 7CC527A72A3E531800AB6F47 /* landmarks-watch Watch App.app */;
			productType = "com.apple.product-type.application";
		};
/* End PBXNativeTarget section */

/* Begin PBXProject section */
		7C8591B92A2164400014B699 /* Project object */ = {
			isa = PBXProject;
			attributes = {
				BuildIndependentTargetsInParallel = 1;
				LastSwiftUpdateCheck = 1420;
				LastUpgradeCheck = 1420;
				TargetAttributes = {
					7C8591C02A2164400014B699 = {
						CreatedOnToolsVersion = 14.2;
					};
					7C8591D02A2164410014B699 = {
						CreatedOnToolsVersion = 14.2;
						TestTargetID = 7C8591C02A2164400014B699;
					};
					7C8591DA2A2164410014B699 = {
						CreatedOnToolsVersion = 14.2;
						TestTargetID = 7C8591C02A2164400014B699;
					};
					7CC527A62A3E531800AB6F47 = {
						CreatedOnToolsVersion = 14.2;
					};
				};
			};
			buildConfigurationList = 7C8591BC2A2164400014B699 /* Build configuration list for PBXProject "landmarks" */;
			compatibilityVersion = "Xcode 14.0";
			developmentRegion = en;
			hasScannedForEncodings = 0;
			knownRegions = (
				en,
				Base,
			);
			mainGroup = 7C8591B82A2164400014B699;
			productRefGroup = 7C8591C22A2164400014B699 /* Products */;
			projectDirPath = "";
			projectRoot = "";
			targets = (
				7C8591C02A2164400014B699 /* landmarks */,
				7C8591D02A2164410014B699 /* landmarksTests */,
				7C8591DA2A2164410014B699 /* landmarksUITests */,
				7CC527A62A3E531800AB6F47 /* landmarks-watch Watch App */,
			);
		};
/* End PBXProject section */

/* Begin PBXResourcesBuildPhase section */
		7C8591BF2A2164400014B699 /* Resources */ = {
			isa = PBXResourcesBuildPhase;
			buildActionMask = 2147483647;
			files = (
				7C2BC91B2A2C9AE30049A78E /* hikeData.json in Resources */,
				7C8591CC2A2164410014B699 /* Preview Assets.xcassets in Resources */,
				7C8591C92A2164410014B699 /* Assets.xcassets in Resources */,
				7C8591F32A2221290014B699 /* landmarkData.json in Resources */,
			);
			runOnlyForDeploymentPostprocessing = 0;
		};
		7C8591CF2A2164410014B699 /* Resources */ = {
			isa = PBXResourcesBuildPhase;
			buildActionMask = 2147483647;
			files = (
			);
			runOnlyForDeploymentPostprocessing = 0;
		};
		7C8591D92A2164410014B699 /* Resources */ = {
			isa = PBXResourcesBuildPhase;
			buildActionMask = 2147483647;
			files = (
			);
			runOnlyForDeploymentPostprocessing = 0;
		};
		7CC527A52A3E531800AB6F47 /* Resources */ = {
			isa = PBXResourcesBuildPhase;
			buildActionMask = 2147483647;
			files = (
				7CC527BC2A3E552F00AB6F47 /* hikeData.json in Resources */,
				7CC527B12A3E531800AB6F47 /* Preview Assets.xcassets in Resources */,
				7CC527AE2A3E531800AB6F47 /* Assets.xcassets in Resources */,
				7CC527BA2A3E552F00AB6F47 /* landmarkData.json in Resources */,
				7CC527BE2A3E552F00AB6F47 /* Assets.xcassets in Resources */,
			);
			runOnlyForDeploymentPostprocessing = 0;
		};
/* End PBXResourcesBuildPhase section */

/* Begin PBXSourcesBuildPhase section */
		7C8591BD2A2164400014B699 /* Sources */ = {
			isa = PBXSourcesBuildPhase;
			buildActionMask = 2147483647;
			files = (
				7C2BC92B2A2CA7FE0049A78E /* CategoryRow.swift in Sources */,
				7C2BC92F2A2CAF1B0049A78E /* Profile.swift in Sources */,
				7C8591C72A2164400014B699 /* ContentView.swift in Sources */,
				7C2BC9292A2CA6440049A78E /* CategoryHome.swift in Sources */,
				7C59503B2A3DD27F0048BEAF /* FeatureCard.swift in Sources */,
				7C2BC9242A2C9BA80049A78E /* HikeGraph.swift in Sources */,
				7C2BC9182A2B78E40049A78E /* Badge.swift in Sources */,
				7C8591F12A216B1D0014B699 /* MapView.swift in Sources */,
				7C2BC9232A2C9BA80049A78E /* GraphCapsule.swift in Sources */,
				7C8591C52A2164400014B699 /* landmarksApp.swift in Sources */,
				7C59503F2A3E25890048BEAF /* PageControl.swift in Sources */,
				7C2BC90C2A280C7E0049A78E /* FavoriteButton.swift in Sources */,
				7C2BC92D2A2CAA270049A78E /* CategoryItem.swift in Sources */,
				7C2BC9252A2C9BA80049A78E /* HikeDetail.swift in Sources */,
				7C2BC9342A2CB0470049A78E /* ProfileSummary.swift in Sources */,
				7C2BC9102A2B716A0049A78E /* HexagonParameters.swift in Sources */,
				7C2BC9322A2CAFC10049A78E /* ProfileHost.swift in Sources */,
				7C2BC91D2A2C9B060049A78E /* Hike.swift in Sources */,
				7C2BC9162A2B780B0049A78E /* RotatedBadgeSymbol.swift in Sources */,
				7C59503D2A3DD4A40048BEAF /* PageView.swift in Sources */,
				7C2BC9142A2B77290049A78E /* BadgeSymbol.swift in Sources */,
				7C5950362A3DBAFD0048BEAF /* ProfileEditor.swift in Sources */,
				7C8591FE2A2229FA0014B699 /* LandmarkList.swift in Sources */,
				7C2BC9262A2C9BA80049A78E /* HikeView.swift in Sources */,
				7C8592002A222BB10014B699 /* LandmarkDetail.swift in Sources */,
				7C5950392A3DD06F0048BEAF /* PageViewController.swift in Sources */,
				7C2BC9122A2B72710049A78E /* BadgeBackground.swift in Sources */,
				7C2BC9362A2CB18E0049A78E /* HikeBadge.swift in Sources */,
				7C8591EF2A2169050014B699 /* CircleImage.swift in Sources */,
				7C8591F52A2221360014B699 /* Landmark.swift in Sources */,
				7C8591FC2A2226360014B699 /* LandmarkRow.swift in Sources */,
				7C8591F72A2224460014B699 /* ModelData.swift in Sources */,
			);
			runOnlyForDeploymentPostprocessing = 0;
		};
		7C8591CD2A2164410014B699 /* Sources */ = {
			isa = PBXSourcesBuildPhase;
			buildActionMask = 2147483647;
			files = (
				7C8591D62A2164410014B699 /* landmarksTests.swift in Sources */,
			);
			runOnlyForDeploymentPostprocessing = 0;
		};
		7C8591D72A2164410014B699 /* Sources */ = {
			isa = PBXSourcesBuildPhase;
			buildActionMask = 2147483647;
			files = (
				7C8591E22A2164410014B699 /* landmarksUITestsLaunchTests.swift in Sources */,
				7C8591E02A2164410014B699 /* landmarksUITests.swift in Sources */,
			);
			runOnlyForDeploymentPostprocessing = 0;
		};
		7CC527A32A3E531800AB6F47 /* Sources */ = {
			isa = PBXSourcesBuildPhase;
			buildActionMask = 2147483647;
			files = (
				7CC527C62A3E5DCC00AB6F47 /* NotificationController.swift in Sources */,
				7CC527B92A3E552F00AB6F47 /* Hike.swift in Sources */,
				7CC527BD2A3E552F00AB6F47 /* CircleImage.swift in Sources */,
				7CC527AC2A3E531800AB6F47 /* ContentView.swift in Sources */,
				7CC527B52A3E552F00AB6F47 /* MapView.swift in Sources */,
				7CC527BB2A3E552F00AB6F47 /* Profile.swift in Sources */,
				7CC527B82A3E552F00AB6F47 /* ModelData.swift in Sources */,
				7CC527B62A3E552F00AB6F47 /* LandmarkRow.swift in Sources */,
				7CC527B72A3E552F00AB6F47 /* Landmark.swift in Sources */,
				7CC527BF2A3E552F00AB6F47 /* landmarksApp.swift in Sources */,
				7CC527C02A3E552F00AB6F47 /* LandmarkList.swift in Sources */,
				7CC527C22A3E562E00AB6F47 /* LandmarkDetail.swift in Sources */,
				7CC527C42A3E5C6200AB6F47 /* NotificationView.swift in Sources */,
			);
			runOnlyForDeploymentPostprocessing = 0;
		};
/* End PBXSourcesBuildPhase section */

/* Begin PBXTargetDependency section */
		7C8591D32A2164410014B699 /* PBXTargetDependency */ = {
			isa = PBXTargetDependency;
			target = 7C8591C02A2164400014B699 /* landmarks */;
			targetProxy = 7C8591D22A2164410014B699 /* PBXContainerItemProxy */;
		};
		7C8591DD2A2164410014B699 /* PBXTargetDependency */ = {
			isa = PBXTargetDependency;
			target = 7C8591C02A2164400014B699 /* landmarks */;
			targetProxy = 7C8591DC2A2164410014B699 /* PBXContainerItemProxy */;
		};
/* End PBXTargetDependency section */

/* Begin XCBuildConfiguration section */
		7C8591E32A2164410014B699 /* Debug */ = {
			isa = XCBuildConfiguration;
			buildSettings = {
				ALWAYS_SEARCH_USER_PATHS = NO;
				CLANG_ANALYZER_NONNULL = YES;
				CLANG_ANALYZER_NUMBER_OBJECT_CONVERSION = YES_AGGRESSIVE;
				CLANG_CXX_LANGUAGE_STANDARD = "gnu++20";
				CLANG_ENABLE_MODULES = YES;
				CLANG_ENABLE_OBJC_ARC = YES;
				CLANG_ENABLE_OBJC_WEAK = YES;
				CLANG_WARN_BLOCK_CAPTURE_AUTORELEASING = YES;
				CLANG_WARN_BOOL_CONVERSION = YES;
				CLANG_WARN_COMMA = YES;
				CLANG_WARN_CONSTANT_CONVERSION = YES;
				CLANG_WARN_DEPRECATED_OBJC_IMPLEMENTATIONS = YES;
				CLANG_WARN_DIRECT_OBJC_ISA_USAGE = YES_ERROR;
				CLANG_WARN_DOCUMENTATION_COMMENTS = YES;
				CLANG_WARN_EMPTY_BODY = YES;
				CLANG_WARN_ENUM_CONVERSION = YES;
				CLANG_WARN_INFINITE_RECURSION = YES;
				CLANG_WARN_INT_CONVERSION = YES;
				CLANG_WARN_NON_LITERAL_NULL_CONVERSION = YES;
				CLANG_WARN_OBJC_IMPLICIT_RETAIN_SELF = YES;
				CLANG_WARN_OBJC_LITERAL_CONVERSION = YES;
				CLANG_WARN_OBJC_ROOT_CLASS = YES_ERROR;
				CLANG_WARN_QUOTED_INCLUDE_IN_FRAMEWORK_HEADER = YES;
				CLANG_WARN_RANGE_LOOP_ANALYSIS = YES;
				CLANG_WARN_STRICT_PROTOTYPES = YES;
				CLANG_WARN_SUSPICIOUS_MOVE = YES;
				CLANG_WARN_UNGUARDED_AVAILABILITY = YES_AGGRESSIVE;
				CLANG_WARN_UNREACHABLE_CODE = YES;
				CLANG_WARN__DUPLICATE_METHOD_MATCH = YES;
				COPY_PHASE_STRIP = NO;
				DEBUG_INFORMATION_FORMAT = dwarf;
				ENABLE_STRICT_OBJC_MSGSEND = YES;
				ENABLE_TESTABILITY = YES;
				GCC_C_LANGUAGE_STANDARD = gnu11;
				GCC_DYNAMIC_NO_PIC = NO;
				GCC_NO_COMMON_BLOCKS = YES;
				GCC_OPTIMIZATION_LEVEL = 0;
				GCC_PREPROCESSOR_DEFINITIONS = (
					"DEBUG=1",
					"$(inherited)",
				);
				GCC_WARN_64_TO_32_BIT_CONVERSION = YES;
				GCC_WARN_ABOUT_RETURN_TYPE = YES_ERROR;
				GCC_WARN_UNDECLARED_SELECTOR = YES;
				GCC_WARN_UNINITIALIZED_AUTOS = YES_AGGRESSIVE;
				GCC_WARN_UNUSED_FUNCTION = YES;
				GCC_WARN_UNUSED_VARIABLE = YES;
				IPHONEOS_DEPLOYMENT_TARGET = 16.2;
				MTL_ENABLE_DEBUG_INFO = INCLUDE_SOURCE;
				MTL_FAST_MATH = YES;
				ONLY_ACTIVE_ARCH = YES;
				SDKROOT = iphoneos;
				SWIFT_ACTIVE_COMPILATION_CONDITIONS = DEBUG;
				SWIFT_OPTIMIZATION_LEVEL = "-Onone";
			};
			name = Debug;
		};
		7C8591E42A2164410014B699 /* Release */ = {
			isa = XCBuildConfiguration;
			buildSettings = {
				ALWAYS_SEARCH_USER_PATHS = NO;
				CLANG_ANALYZER_NONNULL = YES;
				CLANG_ANALYZER_NUMBER_OBJECT_CONVERSION = YES_AGGRESSIVE;
				CLANG_CXX_LANGUAGE_STANDARD = "gnu++20";
				CLANG_ENABLE_MODULES = YES;
				CLANG_ENABLE_OBJC_ARC = YES;
				CLANG_ENABLE_OBJC_WEAK = YES;
				CLANG_WARN_BLOCK_CAPTURE_AUTORELEASING = YES;
				CLANG_WARN_BOOL_CONVERSION = YES;
				CLANG_WARN_COMMA = YES;
				CLANG_WARN_CONSTANT_CONVERSION = YES;
				CLANG_WARN_DEPRECATED_OBJC_IMPLEMENTATIONS = YES;
				CLANG_WARN_DIRECT_OBJC_ISA_USAGE = YES_ERROR;
				CLANG_WARN_DOCUMENTATION_COMMENTS = YES;
				CLANG_WARN_EMPTY_BODY = YES;
				CLANG_WARN_ENUM_CONVERSION = YES;
				CLANG_WARN_INFINITE_RECURSION = YES;
				CLANG_WARN_INT_CONVERSION = YES;
				CLANG_WARN_NON_LITERAL_NULL_CONVERSION = YES;
				CLANG_WARN_OBJC_IMPLICIT_RETAIN_SELF = YES;
				CLANG_WARN_OBJC_LITERAL_CONVERSION = YES;
				CLANG_WARN_OBJC_ROOT_CLASS = YES_ERROR;
				CLANG_WARN_QUOTED_INCLUDE_IN_FRAMEWORK_HEADER = YES;
				CLANG_WARN_RANGE_LOOP_ANALYSIS = YES;
				CLANG_WARN_STRICT_PROTOTYPES = YES;
				CLANG_WARN_SUSPICIOUS_MOVE = YES;
				CLANG_WARN_UNGUARDED_AVAILABILITY = YES_AGGRESSIVE;
				CLANG_WARN_UNREACHABLE_CODE = YES;
				CLANG_WARN__DUPLICATE_METHOD_MATCH = YES;
				COPY_PHASE_STRIP = NO;
				DEBUG_INFORMATION_FORMAT = "dwarf-with-dsym";
				ENABLE_NS_ASSERTIONS = NO;
				ENABLE_STRICT_OBJC_MSGSEND = YES;
				GCC_C_LANGUAGE_STANDARD = gnu11;
				GCC_NO_COMMON_BLOCKS = YES;
				GCC_WARN_64_TO_32_BIT_CONVERSION = YES;
				GCC_WARN_ABOUT_RETURN_TYPE = YES_ERROR;
				GCC_WARN_UNDECLARED_SELECTOR = YES;
				GCC_WARN_UNINITIALIZED_AUTOS = YES_AGGRESSIVE;
				GCC_WARN_UNUSED_FUNCTION = YES;
				GCC_WARN_UNUSED_VARIABLE = YES;
				IPHONEOS_DEPLOYMENT_TARGET = 16.2;
				MTL_ENABLE_DEBUG_INFO = NO;
				MTL_FAST_MATH = YES;
				SDKROOT = iphoneos;
				SWIFT_COMPILATION_MODE = wholemodule;
				SWIFT_OPTIMIZATION_LEVEL = "-O";
				VALIDATE_PRODUCT = YES;
			};
			name = Release;
		};
		7C8591E62A2164410014B699 /* Debug */ = {
			isa = XCBuildConfiguration;
			buildSettings = {
				ASSETCATALOG_COMPILER_APPICON_NAME = AppIcon;
				ASSETCATALOG_COMPILER_GLOBAL_ACCENT_COLOR_NAME = AccentColor;
				CODE_SIGN_STYLE = Automatic;
				CURRENT_PROJECT_VERSION = 1;
				DEVELOPMENT_ASSET_PATHS = "\"landmarks/Preview Content\"";
				ENABLE_PREVIEWS = YES;
				GENERATE_INFOPLIST_FILE = YES;
				INFOPLIST_KEY_UIApplicationSceneManifest_Generation = YES;
				INFOPLIST_KEY_UIApplicationSupportsIndirectInputEvents = YES;
				INFOPLIST_KEY_UILaunchScreen_Generation = YES;
				INFOPLIST_KEY_UISupportedInterfaceOrientations_iPad = "UIInterfaceOrientationPortrait UIInterfaceOrientationPortraitUpsideDown UIInterfaceOrientationLandscapeLeft UIInterfaceOrientationLandscapeRight";
				INFOPLIST_KEY_UISupportedInterfaceOrientations_iPhone = "UIInterfaceOrientationPortrait UIInterfaceOrientationLandscapeLeft UIInterfaceOrientationLandscapeRight";
				LD_RUNPATH_SEARCH_PATHS = (
					"$(inherited)",
					"@executable_path/Frameworks",
				);
				MARKETING_VERSION = 1.0;
				PRODUCT_BUNDLE_IDENTIFIER = dev.bonesyblue.landmarks;
				PRODUCT_NAME = "$(TARGET_NAME)";
				SWIFT_EMIT_LOC_STRINGS = YES;
				SWIFT_VERSION = 5.0;
				TARGETED_DEVICE_FAMILY = "1,2";
			};
			name = Debug;
		};
		7C8591E72A2164410014B699 /* Release */ = {
			isa = XCBuildConfiguration;
			buildSettings = {
				ASSETCATALOG_COMPILER_APPICON_NAME = AppIcon;
				ASSETCATALOG_COMPILER_GLOBAL_ACCENT_COLOR_NAME = AccentColor;
				CODE_SIGN_STYLE = Automatic;
				CURRENT_PROJECT_VERSION = 1;
				DEVELOPMENT_ASSET_PATHS = "\"landmarks/Preview Content\"";
				ENABLE_PREVIEWS = YES;
				GENERATE_INFOPLIST_FILE = YES;
				INFOPLIST_KEY_UIApplicationSceneManifest_Generation = YES;
				INFOPLIST_KEY_UIApplicationSupportsIndirectInputEvents = YES;
				INFOPLIST_KEY_UILaunchScreen_Generation = YES;
				INFOPLIST_KEY_UISupportedInterfaceOrientations_iPad = "UIInterfaceOrientationPortrait UIInterfaceOrientationPortraitUpsideDown UIInterfaceOrientationLandscapeLeft UIInterfaceOrientationLandscapeRight";
				INFOPLIST_KEY_UISupportedInterfaceOrientations_iPhone = "UIInterfaceOrientationPortrait UIInterfaceOrientationLandscapeLeft UIInterfaceOrientationLandscapeRight";
				LD_RUNPATH_SEARCH_PATHS = (
					"$(inherited)",
					"@executable_path/Frameworks",
				);
				MARKETING_VERSION = 1.0;
				PRODUCT_BUNDLE_IDENTIFIER = dev.bonesyblue.landmarks;
				PRODUCT_NAME = "$(TARGET_NAME)";
				SWIFT_EMIT_LOC_STRINGS = YES;
				SWIFT_VERSION = 5.0;
				TARGETED_DEVICE_FAMILY = "1,2";
			};
			name = Release;
		};
		7C8591E92A2164410014B699 /* Debug */ = {
			isa = XCBuildConfiguration;
			buildSettings = {
				ALWAYS_EMBED_SWIFT_STANDARD_LIBRARIES = YES;
				BUNDLE_LOADER = "$(TEST_HOST)";
				CODE_SIGN_STYLE = Automatic;
				CURRENT_PROJECT_VERSION = 1;
				GENERATE_INFOPLIST_FILE = YES;
				IPHONEOS_DEPLOYMENT_TARGET = 16.2;
				MARKETING_VERSION = 1.0;
				PRODUCT_BUNDLE_IDENTIFIER = dev.bonesyblue.landmarksTests;
				PRODUCT_NAME = "$(TARGET_NAME)";
				SWIFT_EMIT_LOC_STRINGS = NO;
				SWIFT_VERSION = 5.0;
				TARGETED_DEVICE_FAMILY = "1,2";
				TEST_HOST = "$(BUILT_PRODUCTS_DIR)/landmarks.app/$(BUNDLE_EXECUTABLE_FOLDER_PATH)/landmarks";
			};
			name = Debug;
		};
		7C8591EA2A2164410014B699 /* Release */ = {
			isa = XCBuildConfiguration;
			buildSettings = {
				ALWAYS_EMBED_SWIFT_STANDARD_LIBRARIES = YES;
				BUNDLE_LOADER = "$(TEST_HOST)";
				CODE_SIGN_STYLE = Automatic;
				CURRENT_PROJECT_VERSION = 1;
				GENERATE_INFOPLIST_FILE = YES;
				IPHONEOS_DEPLOYMENT_TARGET = 16.2;
				MARKETING_VERSION = 1.0;
				PRODUCT_BUNDLE_IDENTIFIER = dev.bonesyblue.landmarksTests;
				PRODUCT_NAME = "$(TARGET_NAME)";
				SWIFT_EMIT_LOC_STRINGS = NO;
				SWIFT_VERSION = 5.0;
				TARGETED_DEVICE_FAMILY = "1,2";
				TEST_HOST = "$(BUILT_PRODUCTS_DIR)/landmarks.app/$(BUNDLE_EXECUTABLE_FOLDER_PATH)/landmarks";
			};
			name = Release;
		};
		7C8591EC2A2164410014B699 /* Debug */ = {
			isa = XCBuildConfiguration;
			buildSettings = {
				ALWAYS_EMBED_SWIFT_STANDARD_LIBRARIES = YES;
				CODE_SIGN_STYLE = Automatic;
				CURRENT_PROJECT_VERSION = 1;
				GENERATE_INFOPLIST_FILE = YES;
				MARKETING_VERSION = 1.0;
				PRODUCT_BUNDLE_IDENTIFIER = dev.bonesyblue.landmarksUITests;
				PRODUCT_NAME = "$(TARGET_NAME)";
				SWIFT_EMIT_LOC_STRINGS = NO;
				SWIFT_VERSION = 5.0;
				TARGETED_DEVICE_FAMILY = "1,2";
				TEST_TARGET_NAME = landmarks;
			};
			name = Debug;
		};
		7C8591ED2A2164410014B699 /* Release */ = {
			isa = XCBuildConfiguration;
			buildSettings = {
				ALWAYS_EMBED_SWIFT_STANDARD_LIBRARIES = YES;
				CODE_SIGN_STYLE = Automatic;
				CURRENT_PROJECT_VERSION = 1;
				GENERATE_INFOPLIST_FILE = YES;
				MARKETING_VERSION = 1.0;
				PRODUCT_BUNDLE_IDENTIFIER = dev.bonesyblue.landmarksUITests;
				PRODUCT_NAME = "$(TARGET_NAME)";
				SWIFT_EMIT_LOC_STRINGS = NO;
				SWIFT_VERSION = 5.0;
				TARGETED_DEVICE_FAMILY = "1,2";
				TEST_TARGET_NAME = landmarks;
			};
			name = Release;
		};
		7CC527B22A3E531800AB6F47 /* Debug */ = {
			isa = XCBuildConfiguration;
			buildSettings = {
				ASSETCATALOG_COMPILER_APPICON_NAME = AppIcon;
				ASSETCATALOG_COMPILER_GLOBAL_ACCENT_COLOR_NAME = AccentColor;
				CODE_SIGN_STYLE = Automatic;
				CURRENT_PROJECT_VERSION = 1;
				DEVELOPMENT_ASSET_PATHS = "\"landmarks-watch Watch App/Preview Content\"";
				ENABLE_PREVIEWS = YES;
				GENERATE_INFOPLIST_FILE = YES;
				INFOPLIST_KEY_CFBundleDisplayName = "landmarks-watch";
				INFOPLIST_KEY_UISupportedInterfaceOrientations = "UIInterfaceOrientationPortrait UIInterfaceOrientationPortraitUpsideDown";
				INFOPLIST_KEY_WKCompanionAppBundleIdentifier = "";
				INFOPLIST_KEY_WKRunsIndependentlyOfCompanionApp = YES;
				LD_RUNPATH_SEARCH_PATHS = (
					"$(inherited)",
					"@executable_path/Frameworks",
				);
				MARKETING_VERSION = 1.0;
				PRODUCT_BUNDLE_IDENTIFIER = .watchkitapp;
				PRODUCT_NAME = "$(TARGET_NAME)";
				SDKROOT = watchos;
				SKIP_INSTALL = YES;
				SWIFT_EMIT_LOC_STRINGS = YES;
				SWIFT_VERSION = 5.0;
				TARGETED_DEVICE_FAMILY = 4;
				WATCHOS_DEPLOYMENT_TARGET = 9.1;
			};
			name = Debug;
		};
		7CC527B32A3E531800AB6F47 /* Release */ = {
			isa = XCBuildConfiguration;
			buildSettings = {
				ASSETCATALOG_COMPILER_APPICON_NAME = AppIcon;
				ASSETCATALOG_COMPILER_GLOBAL_ACCENT_COLOR_NAME = AccentColor;
				CODE_SIGN_STYLE = Automatic;
				CURRENT_PROJECT_VERSION = 1;
				DEVELOPMENT_ASSET_PATHS = "\"landmarks-watch Watch App/Preview Content\"";
				ENABLE_PREVIEWS = YES;
				GENERATE_INFOPLIST_FILE = YES;
				INFOPLIST_KEY_CFBundleDisplayName = "landmarks-watch";
				INFOPLIST_KEY_UISupportedInterfaceOrientations = "UIInterfaceOrientationPortrait UIInterfaceOrientationPortraitUpsideDown";
				INFOPLIST_KEY_WKCompanionAppBundleIdentifier = "";
				INFOPLIST_KEY_WKRunsIndependentlyOfCompanionApp = YES;
				LD_RUNPATH_SEARCH_PATHS = (
					"$(inherited)",
					"@executable_path/Frameworks",
				);
				MARKETING_VERSION = 1.0;
				PRODUCT_BUNDLE_IDENTIFIER = .watchkitapp;
				PRODUCT_NAME = "$(TARGET_NAME)";
				SDKROOT = watchos;
				SKIP_INSTALL = YES;
				SWIFT_EMIT_LOC_STRINGS = YES;
				SWIFT_VERSION = 5.0;
				TARGETED_DEVICE_FAMILY = 4;
				WATCHOS_DEPLOYMENT_TARGET = 9.1;
			};
			name = Release;
		};
/* End XCBuildConfiguration section */

/* Begin XCConfigurationList section */
		7C8591BC2A2164400014B699 /* Build configuration list for PBXProject "landmarks" */ = {
			isa = XCConfigurationList;
			buildConfigurations = (
				7C8591E32A2164410014B699 /* Debug */,
				7C8591E42A2164410014B699 /* Release */,
			);
			defaultConfigurationIsVisible = 0;
			defaultConfigurationName = Release;
		};
		7C8591E52A2164410014B699 /* Build configuration list for PBXNativeTarget "landmarks" */ = {
			isa = XCConfigurationList;
			buildConfigurations = (
				7C8591E62A2164410014B699 /* Debug */,
				7C8591E72A2164410014B699 /* Release */,
			);
			defaultConfigurationIsVisible = 0;
			defaultConfigurationName = Release;
		};
		7C8591E82A2164410014B699 /* Build configuration list for PBXNativeTarget "landmarksTests" */ = {
			isa = XCConfigurationList;
			buildConfigurations = (
				7C8591E92A2164410014B699 /* Debug */,
				7C8591EA2A2164410014B699 /* Release */,
			);
			defaultConfigurationIsVisible = 0;
			defaultConfigurationName = Release;
		};
		7C8591EB2A2164410014B699 /* Build configuration list for PBXNativeTarget "landmarksUITests" */ = {
			isa = XCConfigurationList;
			buildConfigurations = (
				7C8591EC2A2164410014B699 /* Debug */,
				7C8591ED2A2164410014B699 /* Release */,
			);
			defaultConfigurationIsVisible = 0;
			defaultConfigurationName = Release;
		};
		7CC527B42A3E531800AB6F47 /* Build configuration list for PBXNativeTarget "landmarks-watch Watch App" */ = {
			isa = XCConfigurationList;
			buildConfigurations = (
				7CC527B22A3E531800AB6F47 /* Debug */,
				7CC527B32A3E531800AB6F47 /* Release */,
			);
			defaultConfigurationIsVisible = 0;
			defaultConfigurationName = Release;
		};
/* End XCConfigurationList section */
	};
	rootObject = 7C8591B92A2164400014B699 /* Project object */;
}
